<?xml version="1.0" encoding="utf-8"?>
<Project ToolsVersion="4.0" xmlns="http://schemas.microsoft.com/developer/msbuild/2003">
  <ItemGroup>
    <Filter Include="源文件">
      <UniqueIdentifier>{4FC737F1-C7A5-4376-A066-2A32D752A2FF}</UniqueIdentifier>
      <Extensions>cpp;c;cc;cxx;def;odl;idl;hpj;bat;asm;asmx</Extensions>
    </Filter>
    <Filter Include="头文件">
      <UniqueIdentifier>{93995380-89BD-4b04-88EB-625FBE52EBFB}</UniqueIdentifier>
      <Extensions>h;hh;hpp;hxx;hm;inl;inc;xsd</Extensions>
    </Filter>
    <Filter Include="资源文件">
      <UniqueIdentifier>{67DA6AB6-F800-4c08-8B7A-83BB121AAD01}</UniqueIdentifier>
      <Extensions>rc;ico;cur;bmp;dlg;rc2;rct;bin;rgs;gif;jpg;jpeg;jpe;resx;tiff;tif;png;wav;mfcribbon-ms</Extensions>
    </Filter>
  </ItemGroup>
  <ItemGroup>
    <ClCompile Include="源.cpp">
      <Filter>源文件</Filter>
    </ClCompile>
    <ClCompile Include="SDKwavefile.cpp">
      <Filter>源文件</Filter>
    </ClCompile>
    <ClCompile Include="DXUT.cpp">
      <Filter>源文件</Filter>
    </ClCompile>
    <ClCompile Include="DXUTcamera.cpp">
      <Filter>源文件</Filter>
    </ClCompile>
    <ClCompile Include="DXUTenum.cpp">
      <Filter>源文件</Filter>
    </ClCompile>
    <ClCompile Include="DXUTgui.cpp">
      <Filter>源文件</Filter>
    </ClCompile>
    <ClCompile Include="DXUTguiIME.cpp">
      <Filter>源文件</Filter>
    </ClCompile>
    <ClCompile Include="DXUTmisc.cpp">
      <Filter>源文件</Filter>
    </ClCompile>
    <ClCompile Include="DXUTres.cpp">
      <Filter>源文件</Filter>
    </ClCompile>
    <ClCompile Include="DXUTsettingsdlg.cpp">
      <Filter>源文件</Filter>
    </ClCompile>
    <ClCompile Include="DXUTShapes.cpp">
      <Filter>源文件</Filter>
    </ClCompile>
    <ClCompile Include="ImeUi.cpp">
      <Filter>源文件</Filter>
    </ClCompile>
    <ClCompile Include="SDKmesh.cpp">
      <Filter>源文件</Filter>
    </ClCompile>
    <ClCompile Include="SDKmisc.cpp">
      <Filter>源文件</Filter>
    </ClCompile>
    <ClCompile Include="SDKsound.cpp">
      <Filter>源文件</Filter>
    </ClCompile>
  </ItemGroup>
  <ItemGroup>
    <ResourceCompile Include="3D_Shader_ShadowMap.rc">
      <Filter>资源文件</Filter>
    </ResourceCompile>
  </ItemGroup>
  <ItemGroup>
    <ClInclude Include="DXUT.h">
      <Filter>头文件</Filter>
    </ClInclude>
    <ClInclude Include="DXUTcamera.h">
      <Filter>头文件</Filter>
    </ClInclude>
    <ClInclude Include="DXUTenum.h">
      <Filter>头文件</Filter>
    </ClInclude>
    <ClInclude Include="DXUTgui.h">
      <Filter>头文件</Filter>
    </ClInclude>
    <ClInclude Include="DXUTguiIME.h">
      <Filter>头文件</Filter>
    </ClInclude>
    <ClInclude Include="DXUTLockFreePipe.h">
      <Filter>头文件</Filter>
    </ClInclude>
    <ClInclude Include="DXUTmisc.h">
      <Filter>头文件</Filter>
    </ClInclude>
    <ClInclude Include="DXUTres.h">
      <Filter>头文件</Filter>
    </ClInclude>
    <ClInclude Include="DXUTsettingsdlg.h">
      <Filter>头文件</Filter>
    </ClInclude>
    <ClInclude Include="DXUTShapes.h">
      <Filter>头文件</Filter>
    </ClInclude>
    <ClInclude Include="ImeUi.h">
      <Filter>头文件</Filter>
    </ClInclude>
    <ClInclude Include="resource.h">
      <Filter>头文件</Filter>
    </ClInclude>
    <ClInclude Include="SDKmesh.h">
      <Filter>头文件</Filter>
    </ClInclude>
    <ClInclude Include="SDKmisc.h">
      <Filter>头文件</Filter>
    </ClInclude>
    <ClInclude Include="SDKsound.h">
      <Filter>头文件</Filter>
    </ClInclude>
    <ClInclude Include="SDKwavefile.h">
      <Filter>头文件</Filter>
    </ClInclude>
  </ItemGroup>
</Project>